
Microsoft Visual Studio Solution File, Format Version 12.00
# Visual Studio Version 16
VisualStudioVersion = 16.0.28803.202
MinimumVisualStudioVersion = 10.0.40219.1
Project("{FAE04EC0-301F-11D3-BF4B-00C04F79EFBC}") = "TIMP2", "TIMP2.csproj", "{2EE462E2-A565-4B28-8353-BF5A756B2B01}"
EndProject
Global
	GlobalSection(SolutionConfigurationPlatforms) = preSolution
		Debug|Any CPU = Debug|Any CPU
		Release|Any CPU = Release|Any CPU
	EndGlobalSection
	GlobalSection(ProjectConfigurationPlatforms) = postSolution
		{2EE462E2-A565-4B28-8353-BF5A756B2B01}.Debug|Any CPU.ActiveCfg = Debug|Any CPU
		{2EE462E2-A565-4B28-8353-BF5A756B2B01}.Debug|Any CPU.Build.0 = Debug|Any CPU
		{2EE462E2-A565-4B28-8353-BF5A756B2B01}.Release|Any CPU.ActiveCfg = Release|Any CPU
		{2EE462E2-A565-4B28-8353-BF5A756B2B01}.Release|Any CPU.Build.0 = Release|Any CPU
	EndGlobalSection
	GlobalSection(SolutionProperties) = preSolution
		HideSolutionNode = FALSE
	EndGlobalSection
	GlobalSection(ExtensibilityGlobals) = postSolution
		SolutionGuid = {891668F2-DFEA-478C-B835-117FAC9B1BA2}
	EndGlobalSection
EndGlobal
